
Microsoft Visual Studio Solution File, Format Version 12.00
# Visual Studio Version 17
VisualStudioVersion = 17.7.34024.191
MinimumVisualStudioVersion = 10.0.40219.1
Project("{FAE04EC0-301F-11D3-BF4B-00C04F79EFBC}") = "PizzaOnlineOderingSystem", "PizzaOnlineOderingSystem\PizzaOnlineOderingSystem.csproj", "{20362FF8-B209-40FD-9249-558686DB1193}"
EndProject
Global
	GlobalSection(SolutionConfigurationPlatforms) = preSolution
		Debug|Any CPU = Debug|Any CPU
		Release|Any CPU = Release|Any CPU
	EndGlobalSection
	GlobalSection(ProjectConfigurationPlatforms) = postSolution
		{20362FF8-B209-40FD-9249-558686DB1193}.Debug|Any CPU.ActiveCfg = Debug|Any CPU
		{20362FF8-B209-40FD-9249-558686DB1193}.Debug|Any CPU.Build.0 = Debug|Any CPU
		{20362FF8-B209-40FD-9249-558686DB1193}.Release|Any CPU.ActiveCfg = Release|Any CPU
		{20362FF8-B209-40FD-9249-558686DB1193}.Release|Any CPU.Build.0 = Release|Any CPU
	EndGlobalSection
	GlobalSection(SolutionProperties) = preSolution
		HideSolutionNode = FALSE
	EndGlobalSection
	GlobalSection(ExtensibilityGlobals) = postSolution
		SolutionGuid = {88A679F0-C4B9-4590-9AD0-86A6D45B46F1}
	EndGlobalSection
EndGlobal
